
Microsoft Visual Studio Solution File, Format Version 12.00
# Visual Studio Version 16
VisualStudioVersion = 16.0.32901.82
MinimumVisualStudioVersion = 10.0.40219.1
Project("{FAE04EC0-301F-11D3-BF4B-00C04F79EFBC}") = "Tamagotchi.UWP", "Tamagotchi.UWP\Tamagotchi.UWP.csproj", "{B2DAD532-CA85-42F3-B103-1F37CF3FA8E9}"
EndProject
Project("{FAE04EC0-301F-11D3-BF4B-00C04F79EFBC}") = "Tamagotchi.Android", "Tamagotchi.Android\Tamagotchi.Android.csproj", "{ABDA62B2-A8BC-48BC-B1C4-D0B563806D52}"
EndProject
Project("{FAE04EC0-301F-11D3-BF4B-00C04F79EFBC}") = "Tamagotchi.iOS", "Tamagotchi.iOS\Tamagotchi.iOS.csproj", "{ED09734C-402A-4B9A-AC9E-BE41D4010541}"
EndProject
Project("{FAE04EC0-301F-11D3-BF4B-00C04F79EFBC}") = "Tamagotchi", "Tamagotchi\Tamagotchi.csproj", "{DC596CAB-E2D1-43D9-B2ED-AF842FBD0F91}"
EndProject
Global
	GlobalSection(SolutionConfigurationPlatforms) = preSolution
		Debug|Any CPU = Debug|Any CPU
		Debug|ARM = Debug|ARM
		Debug|iPhone = Debug|iPhone
		Debug|iPhoneSimulator = Debug|iPhoneSimulator
		Debug|x64 = Debug|x64
		Debug|x86 = Debug|x86
		Release|Any CPU = Release|Any CPU
		Release|ARM = Release|ARM
		Release|iPhone = Release|iPhone
		Release|iPhoneSimulator = Release|iPhoneSimulator
		Release|x64 = Release|x64
		Release|x86 = Release|x86
	EndGlobalSection
	GlobalSection(ProjectConfigurationPlatforms) = postSolution
		{B2DAD532-CA85-42F3-B103-1F37CF3FA8E9}.Debug|Any CPU.ActiveCfg = Debug|x86
		{B2DAD532-CA85-42F3-B103-1F37CF3FA8E9}.Debug|Any CPU.Build.0 = Debug|x86
		{B2DAD532-CA85-42F3-B103-1F37CF3FA8E9}.Debug|Any CPU.Deploy.0 = Debug|x86
		{B2DAD532-CA85-42F3-B103-1F37CF3FA8E9}.Debug|ARM.ActiveCfg = Debug|ARM
		{B2DAD532-CA85-42F3-B103-1F37CF3FA8E9}.Debug|ARM.Build.0 = Debug|ARM
		{B2DAD532-CA85-42F3-B103-1F37CF3FA8E9}.Debug|ARM.Deploy.0 = Debug|ARM
		{B2DAD532-CA85-42F3-B103-1F37CF3FA8E9}.Debug|iPhone.ActiveCfg = Debug|x86
		{B2DAD532-CA85-42F3-B103-1F37CF3FA8E9}.Debug|iPhone.Build.0 = Debug|x86
		{B2DAD532-CA85-42F3-B103-1F37CF3FA8E9}.Debug|iPhone.Deploy.0 = Debug|x86
		{B2DAD532-CA85-42F3-B103-1F37CF3FA8E9}.Debug|iPhoneSimulator.ActiveCfg = Debug|x86
		{B2DAD532-CA85-42F3-B103-1F37CF3FA8E9}.Debug|iPhoneSimulator.Build.0 = Debug|x86
		{B2DAD532-CA85-42F3-B103-1F37CF3FA8E9}.Debug|iPhoneSimulator.Deploy.0 = Debug|x86
		{B2DAD532-CA85-42F3-B103-1F37CF3FA8E9}.Debug|x64.ActiveCfg = Debug|x64
		{B2DAD532-CA85-42F3-B103-1F37CF3FA8E9}.Debug|x64.Build.0 = Debug|x64
		{B2DAD532-CA85-42F3-B103-1F37CF3FA8E9}.Debug|x64.Deploy.0 = Debug|x64
		{B2DAD532-CA85-42F3-B103-1F37CF3FA8E9}.Debug|x86.ActiveCfg = Debug|x86
		{B2DAD532-CA85-42F3-B103-1F37CF3FA8E9}.Debug|x86.Build.0 = Debug|x86
		{B2DAD532-CA85-42F3-B103-1F37CF3FA8E9}.Debug|x86.Deploy.0 = Debug|x86
		{B2DAD532-CA85-42F3-B103-1F37CF3FA8E9}.Release|Any CPU.ActiveCfg = Release|x86
		{B2DAD532-CA85-42F3-B103-1F37CF3FA8E9}.Release|Any CPU.Build.0 = Release|x86
		{B2DAD532-CA85-42F3-B103-1F37CF3FA8E9}.Release|Any CPU.Deploy.0 = Release|x86
		{B2DAD532-CA85-42F3-B103-1F37CF3FA8E9}.Release|ARM.ActiveCfg = Release|ARM
		{B2DAD532-CA85-42F3-B103-1F37CF3FA8E9}.Release|ARM.Build.0 = Release|ARM
		{B2DAD532-CA85-42F3-B103-1F37CF3FA8E9}.Release|ARM.Deploy.0 = Release|ARM
		{B2DAD532-CA85-42F3-B103-1F37CF3FA8E9}.Release|iPhone.ActiveCfg = Release|x86
		{B2DAD532-CA85-42F3-B103-1F37CF3FA8E9}.Release|iPhone.Build.0 = Release|x86
		{B2DAD532-CA85-42F3-B103-1F37CF3FA8E9}.Release|iPhone.Deploy.0 = Release|x86
		{B2DAD532-CA85-42F3-B103-1F37CF3FA8E9}.Release|iPhoneSimulator.ActiveCfg = Release|x86
		{B2DAD532-CA85-42F3-B103-1F37CF3FA8E9}.Release|iPhoneSimulator.Build.0 = Release|x86
		{B2DAD532-CA85-42F3-B103-1F37CF3FA8E9}.Release|iPhoneSimulator.Deploy.0 = Release|x86
		{B2DAD532-CA85-42F3-B103-1F37CF3FA8E9}.Release|x64.ActiveCfg = Release|x64
		{B2DAD532-CA85-42F3-B103-1F37CF3FA8E9}.Release|x64.Build.0 = Release|x64
		{B2DAD532-CA85-42F3-B103-1F37CF3FA8E9}.Release|x64.Deploy.0 = Release|x64
		{B2DAD532-CA85-42F3-B103-1F37CF3FA8E9}.Release|x86.ActiveCfg = Release|x86
		{B2DAD532-CA85-42F3-B103-1F37CF3FA8E9}.Release|x86.Build.0 = Release|x86
		{B2DAD532-CA85-42F3-B103-1F37CF3FA8E9}.Release|x86.Deploy.0 = Release|x86
		{ABDA62B2-A8BC-48BC-B1C4-D0B563806D52}.Debug|Any CPU.ActiveCfg = Debug|Any CPU
		{ABDA62B2-A8BC-48BC-B1C4-D0B563806D52}.Debug|Any CPU.Build.0 = Debug|Any CPU
		{ABDA62B2-A8BC-48BC-B1C4-D0B563806D52}.Debug|Any CPU.Deploy.0 = Debug|Any CPU
		{ABDA62B2-A8BC-48BC-B1C4-D0B563806D52}.Debug|ARM.ActiveCfg = Debug|Any CPU
		{ABDA62B2-A8BC-48BC-B1C4-D0B563806D52}.Debug|ARM.Build.0 = Debug|Any CPU
		{ABDA62B2-A8BC-48BC-B1C4-D0B563806D52}.Debug|ARM.Deploy.0 = Debug|Any CPU
		{ABDA62B2-A8BC-48BC-B1C4-D0B563806D52}.Debug|iPhone.ActiveCfg = Debug|Any CPU
		{ABDA62B2-A8BC-48BC-B1C4-D0B563806D52}.Debug|iPhone.Build.0 = Debug|Any CPU
		{ABDA62B2-A8BC-48BC-B1C4-D0B563806D52}.Debug|iPhone.Deploy.0 = Debug|Any CPU
		{ABDA62B2-A8BC-48BC-B1C4-D0B563806D52}.Debug|iPhoneSimulator.ActiveCfg = Debug|Any CPU
		{ABDA62B2-A8BC-48BC-B1C4-D0B563806D52}.Debug|iPhoneSimulator.Build.0 = Debug|Any CPU
		{ABDA62B2-A8BC-48BC-B1C4-D0B563806D52}.Debug|iPhoneSimulator.Deploy.0 = Debug|Any CPU
		{ABDA62B2-A8BC-48BC-B1C4-D0B563806D52}.Debug|x64.ActiveCfg = Debug|Any CPU
		{ABDA62B2-A8BC-48BC-B1C4-D0B563806D52}.Debug|x64.Build.0 = Debug|Any CPU
		{ABDA62B2-A8BC-48BC-B1C4-D0B563806D52}.Debug|x64.Deploy.0 = Debug|Any CPU
		{ABDA62B2-A8BC-48BC-B1C4-D0B563806D52}.Debug|x86.ActiveCfg = Debug|Any CPU
		{ABDA62B2-A8BC-48BC-B1C4-D0B563806D52}.Debug|x86.Build.0 = Debug|Any CPU
		{ABDA62B2-A8BC-48BC-B1C4-D0B563806D52}.Debug|x86.Deploy.0 = Debug|Any CPU
		{ABDA62B2-A8BC-48BC-B1C4-D0B563806D52}.Release|Any CPU.ActiveCfg = Release|Any CPU
		{ABDA62B2-A8BC-48BC-B1C4-D0B563806D52}.Release|Any CPU.Build.0 = Release|Any CPU
		{ABDA62B2-A8BC-48BC-B1C4-D0B563806D52}.Release|Any CPU.Deploy.0 = Release|Any CPU
		{ABDA62B2-A8BC-48BC-B1C4-D0B563806D52}.Release|ARM.ActiveCfg = Release|Any CPU
		{ABDA62B2-A8BC-48BC-B1C4-D0B563806D52}.Release|ARM.Build.0 = Release|Any CPU
		{ABDA62B2-A8BC-48BC-B1C4-D0B563806D52}.Release|ARM.Deploy.0 = Release|Any CPU
		{ABDA62B2-A8BC-48BC-B1C4-D0B563806D52}.Release|iPhone.ActiveCfg = Release|Any CPU
		{ABDA62B2-A8BC-48BC-B1C4-D0B563806D52}.Release|iPhone.Build.0 = Release|Any CPU
		{ABDA62B2-A8BC-48BC-B1C4-D0B563806D52}.Release|iPhone.Deploy.0 = Release|Any CPU
		{ABDA62B2-A8BC-48BC-B1C4-D0B563806D52}.Release|iPhoneSimulator.ActiveCfg = Release|Any CPU
		{ABDA62B2-A8BC-48BC-B1C4-D0B563806D52}.Release|iPhoneSimulator.Build.0 = Release|Any CPU
		{ABDA62B2-A8BC-48BC-B1C4-D0B563806D52}.Release|iPhoneSimulator.Deploy.0 = Release|Any CPU
		{ABDA62B2-A8BC-48BC-B1C4-D0B563806D52}.Release|x64.ActiveCfg = Release|Any CPU
		{ABDA62B2-A8BC-48BC-B1C4-D0B563806D52}.Release|x64.Build.0 = Release|Any CPU
		{ABDA62B2-A8BC-48BC-B1C4-D0B563806D52}.Release|x64.Deploy.0 = Release|Any CPU
		{ABDA62B2-A8BC-48BC-B1C4-D0B563806D52}.Release|x86.ActiveCfg = Release|Any CPU
		{ABDA62B2-A8BC-48BC-B1C4-D0B563806D52}.Release|x86.Build.0 = Release|Any CPU
		{ABDA62B2-A8BC-48BC-B1C4-D0B563806D52}.Release|x86.Deploy.0 = Release|Any CPU
		{ED09734C-402A-4B9A-AC9E-BE41D4010541}.Debug|Any CPU.ActiveCfg = Debug|iPhoneSimulator
		{ED09734C-402A-4B9A-AC9E-BE41D4010541}.Debug|Any CPU.Build.0 = Debug|iPhoneSimulator
		{ED09734C-402A-4B9A-AC9E-BE41D4010541}.Debug|Any CPU.Deploy.0 = Debug|iPhoneSimulator
		{ED09734C-402A-4B9A-AC9E-BE41D4010541}.Debug|ARM.ActiveCfg = Debug|iPhone
		{ED09734C-402A-4B9A-AC9E-BE41D4010541}.Debug|ARM.Build.0 = Debug|iPhone
		{ED09734C-402A-4B9A-AC9E-BE41D4010541}.Debug|ARM.Deploy.0 = Debug|iPhone
		{ED09734C-402A-4B9A-AC9E-BE41D4010541}.Debug|iPhone.ActiveCfg = Debug|iPhone
		{ED09734C-402A-4B9A-AC9E-BE41D4010541}.Debug|iPhone.Build.0 = Debug|iPhone
		{ED09734C-402A-4B9A-AC9E-BE41D4010541}.Debug|iPhone.Deploy.0 = Debug|iPhone
		{ED09734C-402A-4B9A-AC9E-BE41D4010541}.Debug|iPhoneSimulator.ActiveCfg = Debug|iPhoneSimulator
		{ED09734C-402A-4B9A-AC9E-BE41D4010541}.Debug|iPhoneSimulator.Build.0 = Debug|iPhoneSimulator
		{ED09734C-402A-4B9A-AC9E-BE41D4010541}.Debug|iPhoneSimulator.Deploy.0 = Debug|iPhoneSimulator
		{ED09734C-402A-4B9A-AC9E-BE41D4010541}.Debug|x64.ActiveCfg = Debug|iPhoneSimulator
		{ED09734C-402A-4B9A-AC9E-BE41D4010541}.Debug|x64.Build.0 = Debug|iPhoneSimulator
		{ED09734C-402A-4B9A-AC9E-BE41D4010541}.Debug|x64.Deploy.0 = Debug|iPhoneSimulator
		{ED09734C-402A-4B9A-AC9E-BE41D4010541}.Debug|x86.ActiveCfg = Debug|iPhoneSimulator
		{ED09734C-402A-4B9A-AC9E-BE41D4010541}.Debug|x86.Build.0 = Debug|iPhoneSimulator
		{ED09734C-402A-4B9A-AC9E-BE41D4010541}.Debug|x86.Deploy.0 = Debug|iPhoneSimulator
		{ED09734C-402A-4B9A-AC9E-BE41D4010541}.Release|Any CPU.ActiveCfg = Release|iPhoneSimulator
		{ED09734C-402A-4B9A-AC9E-BE41D4010541}.Release|Any CPU.Build.0 = Release|iPhoneSimulator
		{ED09734C-402A-4B9A-AC9E-BE41D4010541}.Release|Any CPU.Deploy.0 = Release|iPhoneSimulator
		{ED09734C-402A-4B9A-AC9E-BE41D4010541}.Release|ARM.ActiveCfg = Release|iPhoneSimulator
		{ED09734C-402A-4B9A-AC9E-BE41D4010541}.Release|ARM.Build.0 = Release|iPhoneSimulator
		{ED09734C-402A-4B9A-AC9E-BE41D4010541}.Release|ARM.Deploy.0 = Release|iPhoneSimulator
		{ED09734C-402A-4B9A-AC9E-BE41D4010541}.Release|iPhone.ActiveCfg = Release|iPhone
		{ED09734C-402A-4B9A-AC9E-BE41D4010541}.Release|iPhone.Build.0 = Release|iPhone
		{ED09734C-402A-4B9A-AC9E-BE41D4010541}.Release|iPhone.Deploy.0 = Release|iPhone
		{ED09734C-402A-4B9A-AC9E-BE41D4010541}.Release|iPhoneSimulator.ActiveCfg = Release|iPhoneSimulator
		{ED09734C-402A-4B9A-AC9E-BE41D4010541}.Release|iPhoneSimulator.Build.0 = Release|iPhoneSimulator
		{ED09734C-402A-4B9A-AC9E-BE41D4010541}.Release|iPhoneSimulator.Deploy.0 = Release|iPhoneSimulator
		{ED09734C-402A-4B9A-AC9E-BE41D4010541}.Release|x64.ActiveCfg = Release|iPhoneSimulator
		{ED09734C-402A-4B9A-AC9E-BE41D4010541}.Release|x64.Build.0 = Release|iPhoneSimulator
		{ED09734C-402A-4B9A-AC9E-BE41D4010541}.Release|x64.Deploy.0 = Release|iPhoneSimulator
		{ED09734C-402A-4B9A-AC9E-BE41D4010541}.Release|x86.ActiveCfg = Release|iPhoneSimulator
		{ED09734C-402A-4B9A-AC9E-BE41D4010541}.Release|x86.Build.0 = Release|iPhoneSimulator
		{ED09734C-402A-4B9A-AC9E-BE41D4010541}.Release|x86.Deploy.0 = Release|iPhoneSimulator
		{DC596CAB-E2D1-43D9-B2ED-AF842FBD0F91}.Debug|Any CPU.ActiveCfg = Debug|Any CPU
		{DC596CAB-E2D1-43D9-B2ED-AF842FBD0F91}.Debug|Any CPU.Build.0 = Debug|Any CPU
		{DC596CAB-E2D1-43D9-B2ED-AF842FBD0F91}.Debug|Any CPU.Deploy.0 = Debug|Any CPU
		{DC596CAB-E2D1-43D9-B2ED-AF842FBD0F91}.Debug|ARM.ActiveCfg = Debug|Any CPU
		{DC596CAB-E2D1-43D9-B2ED-AF842FBD0F91}.Debug|ARM.Build.0 = Debug|Any CPU
		{DC596CAB-E2D1-43D9-B2ED-AF842FBD0F91}.Debug|ARM.Deploy.0 = Debug|Any CPU
		{DC596CAB-E2D1-43D9-B2ED-AF842FBD0F91}.Debug|iPhone.ActiveCfg = Debug|Any CPU
		{DC596CAB-E2D1-43D9-B2ED-AF842FBD0F91}.Debug|iPhone.Build.0 = Debug|Any CPU
		{DC596CAB-E2D1-43D9-B2ED-AF842FBD0F91}.Debug|iPhone.Deploy.0 = Debug|Any CPU
		{DC596CAB-E2D1-43D9-B2ED-AF842FBD0F91}.Debug|iPhoneSimulator.ActiveCfg = Debug|Any CPU
		{DC596CAB-E2D1-43D9-B2ED-AF842FBD0F91}.Debug|iPhoneSimulator.Build.0 = Debug|Any CPU
		{DC596CAB-E2D1-43D9-B2ED-AF842FBD0F91}.Debug|iPhoneSimulator.Deploy.0 = Debug|Any CPU
		{DC596CAB-E2D1-43D9-B2ED-AF842FBD0F91}.Debug|x64.ActiveCfg = Debug|Any CPU
		{DC596CAB-E2D1-43D9-B2ED-AF842FBD0F91}.Debug|x64.Build.0 = Debug|Any CPU
		{DC596CAB-E2D1-43D9-B2ED-AF842FBD0F91}.Debug|x64.Deploy.0 = Debug|Any CPU
		{DC596CAB-E2D1-43D9-B2ED-AF842FBD0F91}.Debug|x86.ActiveCfg = Debug|Any CPU
		{DC596CAB-E2D1-43D9-B2ED-AF842FBD0F91}.Debug|x86.Build.0 = Debug|Any CPU
		{DC596CAB-E2D1-43D9-B2ED-AF842FBD0F91}.Debug|x86.Deploy.0 = Debug|Any CPU
		{DC596CAB-E2D1-43D9-B2ED-AF842FBD0F91}.Release|Any CPU.ActiveCfg = Release|Any CPU
		{DC596CAB-E2D1-43D9-B2ED-AF842FBD0F91}.Release|Any CPU.Build.0 = Release|Any CPU
		{DC596CAB-E2D1-43D9-B2ED-AF842FBD0F91}.Release|Any CPU.Deploy.0 = Release|Any CPU
		{DC596CAB-E2D1-43D9-B2ED-AF842FBD0F91}.Release|ARM.ActiveCfg = Release|Any CPU
		{DC596CAB-E2D1-43D9-B2ED-AF842FBD0F91}.Release|ARM.Build.0 = Release|Any CPU
		{DC596CAB-E2D1-43D9-B2ED-AF842FBD0F91}.Release|ARM.Deploy.0 = Release|Any CPU
		{DC596CAB-E2D1-43D9-B2ED-AF842FBD0F91}.Release|iPhone.ActiveCfg = Release|Any CPU
		{DC596CAB-E2D1-43D9-B2ED-AF842FBD0F91}.Release|iPhone.Build.0 = Release|Any CPU
		{DC596CAB-E2D1-43D9-B2ED-AF842FBD0F91}.Release|iPhone.Deploy.0 = Release|Any CPU
		{DC596CAB-E2D1-43D9-B2ED-AF842FBD0F91}.Release|iPhoneSimulator.ActiveCfg = Release|Any CPU
		{DC596CAB-E2D1-43D9-B2ED-AF842FBD0F91}.Release|iPhoneSimulator.Build.0 = Release|Any CPU
		{DC596CAB-E2D1-43D9-B2ED-AF842FBD0F91}.Release|iPhoneSimulator.Deploy.0 = Release|Any CPU
		{DC596CAB-E2D1-43D9-B2ED-AF842FBD0F91}.Release|x64.ActiveCfg = Release|Any CPU
		{DC596CAB-E2D1-43D9-B2ED-AF842FBD0F91}.Release|x64.Build.0 = Release|Any CPU
		{DC596CAB-E2D1-43D9-B2ED-AF842FBD0F91}.Release|x64.Deploy.0 = Release|Any CPU
		{DC596CAB-E2D1-43D9-B2ED-AF842FBD0F91}.Release|x86.ActiveCfg = Release|Any CPU
		{DC596CAB-E2D1-43D9-B2ED-AF842FBD0F91}.Release|x86.Build.0 = Release|Any CPU
		{DC596CAB-E2D1-43D9-B2ED-AF842FBD0F91}.Release|x86.Deploy.0 = Release|Any CPU
	EndGlobalSection
	GlobalSection(SolutionProperties) = preSolution
		HideSolutionNode = FALSE
	EndGlobalSection
	GlobalSection(ExtensibilityGlobals) = postSolution
		SolutionGuid = {4FAB5E52-DB20-4505-B3FE-DDCB238994F1}
	EndGlobalSection
EndGlobal
